// !$*UTF8*$!
{
	archiveVersion = 1;
	classes = {
	};
	objectVersion = 50;
	objects = {

/* Begin PBXBuildFile section */
		6D998AEE2817DDD000B3BF14 /* Friends.swift in Sources */ = {isa = PBXBuildFile; fileRef = 6D998AED2817DDD000B3BF14 /* Friends.swift */; };
		6D998AF02818107A00B3BF14 /* Activity.swift in Sources */ = {isa = PBXBuildFile; fileRef = 6D998AEF2818107A00B3BF14 /* Activity.swift */; };
		6DA083E3281ABD7700177578 /* BillList.swift in Sources */ = {isa = PBXBuildFile; fileRef = 6DA083E2281ABD7700177578 /* BillList.swift */; };
		6DA083E52823B0DF00177578 /* APIRequests.swift in Sources */ = {isa = PBXBuildFile; fileRef = 6DA083E42823B0DF00177578 /* APIRequests.swift */; };
		6DA083E7282BD36500177578 /* BillListCellView.swift in Sources */ = {isa = PBXBuildFile; fileRef = 6DA083E6282BD36500177578 /* BillListCellView.swift */; };
		6DA083E9282BE7F900177578 /* BillListHeader.swift in Sources */ = {isa = PBXBuildFile; fileRef = 6DA083E8282BE7F900177578 /* BillListHeader.swift */; };
		6DE23210280E94C2008E5819 /* AppDelegate.swift in Sources */ = {isa = PBXBuildFile; fileRef = 6DE2320F280E94C2008E5819 /* AppDelegate.swift */; };
		6DE23212280E94C2008E5819 /* SceneDelegate.swift in Sources */ = {isa = PBXBuildFile; fileRef = 6DE23211280E94C2008E5819 /* SceneDelegate.swift */; };
		6DE23214280E94C2008E5819 /* HomeViewController.swift in Sources */ = {isa = PBXBuildFile; fileRef = 6DE23213280E94C2008E5819 /* HomeViewController.swift */; };
		6DE23219280E94C5008E5819 /* Assets.xcassets in Resources */ = {isa = PBXBuildFile; fileRef = 6DE23218280E94C5008E5819 /* Assets.xcassets */; };
		6DE2321C280E94C5008E5819 /* LaunchScreen.storyboard in Resources */ = {isa = PBXBuildFile; fileRef = 6DE2321A280E94C5008E5819 /* LaunchScreen.storyboard */; };
		6DE23224280E9752008E5819 /* CustomTabBarController.swift in Sources */ = {isa = PBXBuildFile; fileRef = 6DE23223280E9752008E5819 /* CustomTabBarController.swift */; };
		6DE23226280FD8CC008E5819 /* BalanceCell.swift in Sources */ = {isa = PBXBuildFile; fileRef = 6DE23225280FD8CC008E5819 /* BalanceCell.swift */; };
		6DE2322A280FDC1A008E5819 /* FriendsCell.swift in Sources */ = {isa = PBXBuildFile; fileRef = 6DE23229280FDC1A008E5819 /* FriendsCell.swift */; };
		6DE2322C281036CD008E5819 /* ActivityCell.swift in Sources */ = {isa = PBXBuildFile; fileRef = 6DE2322B281036CD008E5819 /* ActivityCell.swift */; };
		6DE2322E28113887008E5819 /* Account.swift in Sources */ = {isa = PBXBuildFile; fileRef = 6DE2322D28113887008E5819 /* Account.swift */; };
		6DE2323128117690008E5819 /* BillListController.swift in Sources */ = {isa = PBXBuildFile; fileRef = 6DE2323028117690008E5819 /* BillListController.swift */; };
		6DE2323328118FFF008E5819 /* ThisMonthCell.swift in Sources */ = {isa = PBXBuildFile; fileRef = 6DE2323228118FFF008E5819 /* ThisMonthCell.swift */; };
		6DE232352811964A008E5819 /* PaymentStatusCircleBar.swift in Sources */ = {isa = PBXBuildFile; fileRef = 6DE232342811964A008E5819 /* PaymentStatusCircleBar.swift */; };
/* End PBXBuildFile section */

/* Begin PBXFileReference section */
		6D998AED2817DDD000B3BF14 /* Friends.swift */ = {isa = PBXFileReference; lastKnownFileType = sourcecode.swift; path = Friends.swift; sourceTree = "<group>"; };
		6D998AEF2818107A00B3BF14 /* Activity.swift */ = {isa = PBXFileReference; lastKnownFileType = sourcecode.swift; path = Activity.swift; sourceTree = "<group>"; };
		6DA083E2281ABD7700177578 /* BillList.swift */ = {isa = PBXFileReference; lastKnownFileType = sourcecode.swift; path = BillList.swift; sourceTree = "<group>"; };
		6DA083E42823B0DF00177578 /* APIRequests.swift */ = {isa = PBXFileReference; lastKnownFileType = sourcecode.swift; path = APIRequests.swift; sourceTree = "<group>"; };
		6DA083E6282BD36500177578 /* BillListCellView.swift */ = {isa = PBXFileReference; lastKnownFileType = sourcecode.swift; path = BillListCellView.swift; sourceTree = "<group>"; };
		6DA083E8282BE7F900177578 /* BillListHeader.swift */ = {isa = PBXFileReference; lastKnownFileType = sourcecode.swift; path = BillListHeader.swift; sourceTree = "<group>"; };
		6DE2320C280E94C2008E5819 /* TestApp.app */ = {isa = PBXFileReference; explicitFileType = wrapper.application; includeInIndex = 0; path = TestApp.app; sourceTree = BUILT_PRODUCTS_DIR; };
		6DE2320F280E94C2008E5819 /* AppDelegate.swift */ = {isa = PBXFileReference; lastKnownFileType = sourcecode.swift; path = AppDelegate.swift; sourceTree = "<group>"; };
		6DE23211280E94C2008E5819 /* SceneDelegate.swift */ = {isa = PBXFileReference; lastKnownFileType = sourcecode.swift; path = SceneDelegate.swift; sourceTree = "<group>"; };
		6DE23213280E94C2008E5819 /* HomeViewController.swift */ = {isa = PBXFileReference; lastKnownFileType = sourcecode.swift; path = HomeViewController.swift; sourceTree = "<group>"; };
		6DE23218280E94C5008E5819 /* Assets.xcassets */ = {isa = PBXFileReference; lastKnownFileType = folder.assetcatalog; path = Assets.xcassets; sourceTree = "<group>"; };
		6DE2321B280E94C5008E5819 /* Base */ = {isa = PBXFileReference; lastKnownFileType = file.storyboard; name = Base; path = Base.lproj/LaunchScreen.storyboard; sourceTree = "<group>"; };
		6DE2321D280E94C5008E5819 /* Info.plist */ = {isa = PBXFileReference; lastKnownFileType = text.plist.xml; path = Info.plist; sourceTree = "<group>"; };
		6DE23223280E9752008E5819 /* CustomTabBarController.swift */ = {isa = PBXFileReference; lastKnownFileType = sourcecode.swift; path = CustomTabBarController.swift; sourceTree = "<group>"; };
		6DE23225280FD8CC008E5819 /* BalanceCell.swift */ = {isa = PBXFileReference; lastKnownFileType = sourcecode.swift; path = BalanceCell.swift; sourceTree = "<group>"; };
		6DE23229280FDC1A008E5819 /* FriendsCell.swift */ = {isa = PBXFileReference; lastKnownFileType = sourcecode.swift; path = FriendsCell.swift; sourceTree = "<group>"; };
		6DE2322B281036CD008E5819 /* ActivityCell.swift */ = {isa = PBXFileReference; lastKnownFileType = sourcecode.swift; path = ActivityCell.swift; sourceTree = "<group>"; };
		6DE2322D28113887008E5819 /* Account.swift */ = {isa = PBXFileReference; lastKnownFileType = sourcecode.swift; path = Account.swift; sourceTree = "<group>"; };
		6DE2323028117690008E5819 /* BillListController.swift */ = {isa = PBXFileReference; lastKnownFileType = sourcecode.swift; path = BillListController.swift; sourceTree = "<group>"; };
		6DE2323228118FFF008E5819 /* ThisMonthCell.swift */ = {isa = PBXFileReference; lastKnownFileType = sourcecode.swift; path = ThisMonthCell.swift; sourceTree = "<group>"; };
		6DE232342811964A008E5819 /* PaymentStatusCircleBar.swift */ = {isa = PBXFileReference; lastKnownFileType = sourcecode.swift; path = PaymentStatusCircleBar.swift; sourceTree = "<group>"; };
/* End PBXFileReference section */

/* Begin PBXFrameworksBuildPhase section */
		6DE23209280E94C2008E5819 /* Frameworks */ = {
			isa = PBXFrameworksBuildPhase;
			buildActionMask = 2147483647;
			files = (
			);
			runOnlyForDeploymentPostprocessing = 0;
		};
/* End PBXFrameworksBuildPhase section */

/* Begin PBXGroup section */
		6DE23203280E94C2008E5819 = {
			isa = PBXGroup;
			children = (
				6DE2320E280E94C2008E5819 /* TestApp */,
				6DE2320D280E94C2008E5819 /* Products */,
			);
			sourceTree = "<group>";
		};
		6DE2320D280E94C2008E5819 /* Products */ = {
			isa = PBXGroup;
			children = (
				6DE2320C280E94C2008E5819 /* TestApp.app */,
			);
			name = Products;
			sourceTree = "<group>";
		};
		6DE2320E280E94C2008E5819 /* TestApp */ = {
			isa = PBXGroup;
			children = (
				6DE2320F280E94C2008E5819 /* AppDelegate.swift */,
				6DE23211280E94C2008E5819 /* SceneDelegate.swift */,
				6DE2322F2811388F008E5819 /* Model */,
				6DE23228280FD8E7008E5819 /* View */,
				6DE23227280FD8DA008E5819 /* Controller */,
				6DE23218280E94C5008E5819 /* Assets.xcassets */,
				6DE2321A280E94C5008E5819 /* LaunchScreen.storyboard */,
				6DE2321D280E94C5008E5819 /* Info.plist */,
			);
			path = TestApp;
			sourceTree = "<group>";
		};
		6DE23227280FD8DA008E5819 /* Controller */ = {
			isa = PBXGroup;
			children = (
				6DE23213280E94C2008E5819 /* HomeViewController.swift */,
				6DE23223280E9752008E5819 /* CustomTabBarController.swift */,
				6DE2323028117690008E5819 /* BillListController.swift */,
			);
			path = Controller;
			sourceTree = "<group>";
		};
		6DE23228280FD8E7008E5819 /* View */ = {
			isa = PBXGroup;
			children = (
				6DE23225280FD8CC008E5819 /* BalanceCell.swift */,
				6DE23229280FDC1A008E5819 /* FriendsCell.swift */,
				6DE2322B281036CD008E5819 /* ActivityCell.swift */,
				6DE2323228118FFF008E5819 /* ThisMonthCell.swift */,
				6DE232342811964A008E5819 /* PaymentStatusCircleBar.swift */,
				6DA083E6282BD36500177578 /* BillListCellView.swift */,
				6DA083E8282BE7F900177578 /* BillListHeader.swift */,
			);
			path = View;
			sourceTree = "<group>";
		};
		6DE2322F2811388F008E5819 /* Model */ = {
			isa = PBXGroup;
			children = (
				6DE2322D28113887008E5819 /* Account.swift */,
				6D998AED2817DDD000B3BF14 /* Friends.swift */,
				6D998AEF2818107A00B3BF14 /* Activity.swift */,
				6DA083E2281ABD7700177578 /* BillList.swift */,
				6DA083E42823B0DF00177578 /* APIRequests.swift */,
			);
			path = Model;
			sourceTree = "<group>";
		};
/* End PBXGroup section */

/* Begin PBXNativeTarget section */
		6DE2320B280E94C2008E5819 /* TestApp */ = {
			isa = PBXNativeTarget;
			buildConfigurationList = 6DE23220280E94C5008E5819 /* Build configuration list for PBXNativeTarget "TestApp" */;
			buildPhases = (
				6DE23208280E94C2008E5819 /* Sources */,
				6DE23209280E94C2008E5819 /* Frameworks */,
				6DE2320A280E94C2008E5819 /* Resources */,
			);
			buildRules = (
			);
			dependencies = (
			);
			name = TestApp;
			productName = TestApp;
			productReference = 6DE2320C280E94C2008E5819 /* TestApp.app */;
			productType = "com.apple.product-type.application";
		};
/* End PBXNativeTarget section */

/* Begin PBXProject section */
		6DE23204280E94C2008E5819 /* Project object */ = {
			isa = PBXProject;
			attributes = {
				LastSwiftUpdateCheck = 1250;
				LastUpgradeCheck = 1250;
				TargetAttributes = {
					6DE2320B280E94C2008E5819 = {
						CreatedOnToolsVersion = 12.5.1;
					};
				};
			};
			buildConfigurationList = 6DE23207280E94C2008E5819 /* Build configuration list for PBXProject "TestApp" */;
			compatibilityVersion = "Xcode 9.3";
			developmentRegion = en;
			hasScannedForEncodings = 0;
			knownRegions = (
				en,
				Base,
			);
			mainGroup = 6DE23203280E94C2008E5819;
			productRefGroup = 6DE2320D280E94C2008E5819 /* Products */;
			projectDirPath = "";
			projectRoot = "";
			targets = (
				6DE2320B280E94C2008E5819 /* TestApp */,
			);
		};
/* End PBXProject section */

/* Begin PBXResourcesBuildPhase section */
		6DE2320A280E94C2008E5819 /* Resources */ = {
			isa = PBXResourcesBuildPhase;
			buildActionMask = 2147483647;
			files = (
				6DE2321C280E94C5008E5819 /* LaunchScreen.storyboard in Resources */,
				6DE23219280E94C5008E5819 /* Assets.xcassets in Resources */,
			);
			runOnlyForDeploymentPostprocessing = 0;
		};
/* End PBXResourcesBuildPhase section */

/* Begin PBXSourcesBuildPhase section */
		6DE23208280E94C2008E5819 /* Sources */ = {
			isa = PBXSourcesBuildPhase;
			buildActionMask = 2147483647;
			files = (
				6DE2323328118FFF008E5819 /* ThisMonthCell.swift in Sources */,
				6DE23214280E94C2008E5819 /* HomeViewController.swift in Sources */,
				6DE232352811964A008E5819 /* PaymentStatusCircleBar.swift in Sources */,
				6DA083E9282BE7F900177578 /* BillListHeader.swift in Sources */,
				6DA083E52823B0DF00177578 /* APIRequests.swift in Sources */,
				6DE2322A280FDC1A008E5819 /* FriendsCell.swift in Sources */,
				6DE23210280E94C2008E5819 /* AppDelegate.swift in Sources */,
				6DE23226280FD8CC008E5819 /* BalanceCell.swift in Sources */,
				6DE2322C281036CD008E5819 /* ActivityCell.swift in Sources */,
				6DA083E3281ABD7700177578 /* BillList.swift in Sources */,
				6D998AEE2817DDD000B3BF14 /* Friends.swift in Sources */,
				6DE2322E28113887008E5819 /* Account.swift in Sources */,
				6DA083E7282BD36500177578 /* BillListCellView.swift in Sources */,
				6DE23224280E9752008E5819 /* CustomTabBarController.swift in Sources */,
				6D998AF02818107A00B3BF14 /* Activity.swift in Sources */,
				6DE2323128117690008E5819 /* BillListController.swift in Sources */,
				6DE23212280E94C2008E5819 /* SceneDelegate.swift in Sources */,
			);
			runOnlyForDeploymentPostprocessing = 0;
		};
/* End PBXSourcesBuildPhase section */

/* Begin PBXVariantGroup section */
		6DE2321A280E94C5008E5819 /* LaunchScreen.storyboard */ = {
			isa = PBXVariantGroup;
			children = (
				6DE2321B280E94C5008E5819 /* Base */,
			);
			name = LaunchScreen.storyboard;
			sourceTree = "<group>";
		};
/* End PBXVariantGroup section */

/* Begin XCBuildConfiguration section */
		6DE2321E280E94C5008E5819 /* Debug */ = {
			isa = XCBuildConfiguration;
			buildSettings = {
				ALWAYS_SEARCH_USER_PATHS = NO;
				CLANG_ANALYZER_NONNULL = YES;
				CLANG_ANALYZER_NUMBER_OBJECT_CONVERSION = YES_AGGRESSIVE;
				CLANG_CXX_LANGUAGE_STANDARD = "gnu++14";
				CLANG_CXX_LIBRARY = "libc++";
				CLANG_ENABLE_MODULES = YES;
				CLANG_ENABLE_OBJC_ARC = YES;
				CLANG_ENABLE_OBJC_WEAK = YES;
				CLANG_WARN_BLOCK_CAPTURE_AUTORELEASING = YES;
				CLANG_WARN_BOOL_CONVERSION = YES;
				CLANG_WARN_COMMA = YES;
				CLANG_WARN_CONSTANT_CONVERSION = YES;
				CLANG_WARN_DEPRECATED_OBJC_IMPLEMENTATIONS = YES;
				CLANG_WARN_DIRECT_OBJC_ISA_USAGE = YES_ERROR;
				CLANG_WARN_DOCUMENTATION_COMMENTS = YES;
				CLANG_WARN_EMPTY_BODY = YES;
				CLANG_WARN_ENUM_CONVERSION = YES;
				CLANG_WARN_INFINITE_RECURSION = YES;
				CLANG_WARN_INT_CONVERSION = YES;
				CLANG_WARN_NON_LITERAL_NULL_CONVERSION = YES;
				CLANG_WARN_OBJC_IMPLICIT_RETAIN_SELF = YES;
				CLANG_WARN_OBJC_LITERAL_CONVERSION = YES;
				CLANG_WARN_OBJC_ROOT_CLASS = YES_ERROR;
				CLANG_WARN_QUOTED_INCLUDE_IN_FRAMEWORK_HEADER = YES;
				CLANG_WARN_RANGE_LOOP_ANALYSIS = YES;
				CLANG_WARN_STRICT_PROTOTYPES = YES;
				CLANG_WARN_SUSPICIOUS_MOVE = YES;
				CLANG_WARN_UNGUARDED_AVAILABILITY = YES_AGGRESSIVE;
				CLANG_WARN_UNREACHABLE_CODE = YES;
				CLANG_WARN__DUPLICATE_METHOD_MATCH = YES;
				COPY_PHASE_STRIP = NO;
				DEBUG_INFORMATION_FORMAT = dwarf;
				ENABLE_STRICT_OBJC_MSGSEND = YES;
				ENABLE_TESTABILITY = YES;
				GCC_C_LANGUAGE_STANDARD = gnu11;
				GCC_DYNAMIC_NO_PIC = NO;
				GCC_NO_COMMON_BLOCKS = YES;
				GCC_OPTIMIZATION_LEVEL = 0;
				GCC_PREPROCESSOR_DEFINITIONS = (
					"DEBUG=1",
					"$(inherited)",
				);
				GCC_WARN_64_TO_32_BIT_CONVERSION = YES;
				GCC_WARN_ABOUT_RETURN_TYPE = YES_ERROR;
				GCC_WARN_UNDECLARED_SELECTOR = YES;
				GCC_WARN_UNINITIALIZED_AUTOS = YES_AGGRESSIVE;
				GCC_WARN_UNUSED_FUNCTION = YES;
				GCC_WARN_UNUSED_VARIABLE = YES;
				IPHONEOS_DEPLOYMENT_TARGET = 14.5;
				MTL_ENABLE_DEBUG_INFO = INCLUDE_SOURCE;
				MTL_FAST_MATH = YES;
				ONLY_ACTIVE_ARCH = YES;
				SDKROOT = iphoneos;
				SWIFT_ACTIVE_COMPILATION_CONDITIONS = DEBUG;
				SWIFT_OPTIMIZATION_LEVEL = "-Onone";
			};
			name = Debug;
		};
		6DE2321F280E94C5008E5819 /* Release */ = {
			isa = XCBuildConfiguration;
			buildSettings = {
				ALWAYS_SEARCH_USER_PATHS = NO;
				CLANG_ANALYZER_NONNULL = YES;
				CLANG_ANALYZER_NUMBER_OBJECT_CONVERSION = YES_AGGRESSIVE;
				CLANG_CXX_LANGUAGE_STANDARD = "gnu++14";
				CLANG_CXX_LIBRARY = "libc++";
				CLANG_ENABLE_MODULES = YES;
				CLANG_ENABLE_OBJC_ARC = YES;
				CLANG_ENABLE_OBJC_WEAK = YES;
				CLANG_WARN_BLOCK_CAPTURE_AUTORELEASING = YES;
				CLANG_WARN_BOOL_CONVERSION = YES;
				CLANG_WARN_COMMA = YES;
				CLANG_WARN_CONSTANT_CONVERSION = YES;
				CLANG_WARN_DEPRECATED_OBJC_IMPLEMENTATIONS = YES;
				CLANG_WARN_DIRECT_OBJC_ISA_USAGE = YES_ERROR;
				CLANG_WARN_DOCUMENTATION_COMMENTS = YES;
				CLANG_WARN_EMPTY_BODY = YES;
				CLANG_WARN_ENUM_CONVERSION = YES;
				CLANG_WARN_INFINITE_RECURSION = YES;
				CLANG_WARN_INT_CONVERSION = YES;
				CLANG_WARN_NON_LITERAL_NULL_CONVERSION = YES;
				CLANG_WARN_OBJC_IMPLICIT_RETAIN_SELF = YES;
				CLANG_WARN_OBJC_LITERAL_CONVERSION = YES;
				CLANG_WARN_OBJC_ROOT_CLASS = YES_ERROR;
				CLANG_WARN_QUOTED_INCLUDE_IN_FRAMEWORK_HEADER = YES;
				CLANG_WARN_RANGE_LOOP_ANALYSIS = YES;
				CLANG_WARN_STRICT_PROTOTYPES = YES;
				CLANG_WARN_SUSPICIOUS_MOVE = YES;
				CLANG_WARN_UNGUARDED_AVAILABILITY = YES_AGGRESSIVE;
				CLANG_WARN_UNREACHABLE_CODE = YES;
				CLANG_WARN__DUPLICATE_METHOD_MATCH = YES;
				COPY_PHASE_STRIP = NO;
				DEBUG_INFORMATION_FORMAT = "dwarf-with-dsym";
				ENABLE_NS_ASSERTIONS = NO;
				ENABLE_STRICT_OBJC_MSGSEND = YES;
				GCC_C_LANGUAGE_STANDARD = gnu11;
				GCC_NO_COMMON_BLOCKS = YES;
				GCC_WARN_64_TO_32_BIT_CONVERSION = YES;
				GCC_WARN_ABOUT_RETURN_TYPE = YES_ERROR;
				GCC_WARN_UNDECLARED_SELECTOR = YES;
				GCC_WARN_UNINITIALIZED_AUTOS = YES_AGGRESSIVE;
				GCC_WARN_UNUSED_FUNCTION = YES;
				GCC_WARN_UNUSED_VARIABLE = YES;
				IPHONEOS_DEPLOYMENT_TARGET = 14.5;
				MTL_ENABLE_DEBUG_INFO = NO;
				MTL_FAST_MATH = YES;
				SDKROOT = iphoneos;
				SWIFT_COMPILATION_MODE = wholemodule;
				SWIFT_OPTIMIZATION_LEVEL = "-O";
				VALIDATE_PRODUCT = YES;
			};
			name = Release;
		};
		6DE23221280E94C5008E5819 /* Debug */ = {
			isa = XCBuildConfiguration;
			buildSettings = {
				ASSETCATALOG_COMPILER_APPICON_NAME = AppIcon;
				ASSETCATALOG_COMPILER_GLOBAL_ACCENT_COLOR_NAME = AccentColor;
				CODE_SIGN_STYLE = Automatic;
				INFOPLIST_FILE = TestApp/Info.plist;
				LD_RUNPATH_SEARCH_PATHS = (
					"$(inherited)",
					"@executable_path/Frameworks",
				);
				PRODUCT_BUNDLE_IDENTIFIER = learning.TestApp;
				PRODUCT_NAME = "$(TARGET_NAME)";
				SWIFT_VERSION = 5.0;
				TARGETED_DEVICE_FAMILY = "1,2";
			};
			name = Debug;
		};
		6DE23222280E94C5008E5819 /* Release */ = {
			isa = XCBuildConfiguration;
			buildSettings = {
				ASSETCATALOG_COMPILER_APPICON_NAME = AppIcon;
				ASSETCATALOG_COMPILER_GLOBAL_ACCENT_COLOR_NAME = AccentColor;
				CODE_SIGN_STYLE = Automatic;
				INFOPLIST_FILE = TestApp/Info.plist;
				LD_RUNPATH_SEARCH_PATHS = (
					"$(inherited)",
					"@executable_path/Frameworks",
				);
				PRODUCT_BUNDLE_IDENTIFIER = learning.TestApp;
				PRODUCT_NAME = "$(TARGET_NAME)";
				SWIFT_VERSION = 5.0;
				TARGETED_DEVICE_FAMILY = "1,2";
			};
			name = Release;
		};
/* End XCBuildConfiguration section */

/* Begin XCConfigurationList section */
		6DE23207280E94C2008E5819 /* Build configuration list for PBXProject "TestApp" */ = {
			isa = XCConfigurationList;
			buildConfigurations = (
				6DE2321E280E94C5008E5819 /* Debug */,
				6DE2321F280E94C5008E5819 /* Release */,
			);
			defaultConfigurationIsVisible = 0;
			defaultConfigurationName = Release;
		};
		6DE23220280E94C5008E5819 /* Build configuration list for PBXNativeTarget "TestApp" */ = {
			isa = XCConfigurationList;
			buildConfigurations = (
				6DE23221280E94C5008E5819 /* Debug */,
				6DE23222280E94C5008E5819 /* Release */,
			);
			defaultConfigurationIsVisible = 0;
			defaultConfigurationName = Release;
		};
/* End XCConfigurationList section */
	};
	rootObject = 6DE23204280E94C2008E5819 /* Project object */;
}
